
Microsoft Visual Studio Solution File, Format Version 12.00
# Visual Studio Version 17
VisualStudioVersion = 17.0.32014.148
MinimumVisualStudioVersion = 10.0.40219.1
Project("{FAE04EC0-301F-11D3-BF4B-00C04F79EFBC}") = "WinFormsApp1", "WinFormsApp1\WinFormsApp1.csproj", "{B9995524-B295-4B9E-B157-CC169263105A}"
EndProject
Global
	GlobalSection(SolutionConfigurationPlatforms) = preSolution
		Debug|Any CPU = Debug|Any CPU
		Release|Any CPU = Release|Any CPU
	EndGlobalSection
	GlobalSection(ProjectConfigurationPlatforms) = postSolution
		{B9995524-B295-4B9E-B157-CC169263105A}.Debug|Any CPU.ActiveCfg = Debug|Any CPU
		{B9995524-B295-4B9E-B157-CC169263105A}.Debug|Any CPU.Build.0 = Debug|Any CPU
		{B9995524-B295-4B9E-B157-CC169263105A}.Release|Any CPU.ActiveCfg = Release|Any CPU
		{B9995524-B295-4B9E-B157-CC169263105A}.Release|Any CPU.Build.0 = Release|Any CPU
	EndGlobalSection
	GlobalSection(SolutionProperties) = preSolution
		HideSolutionNode = FALSE
	EndGlobalSection
	GlobalSection(ExtensibilityGlobals) = postSolution
		SolutionGuid = {8EBE08F6-FB91-430B-89CB-263825F9A32B}
	EndGlobalSection
EndGlobal
